
Microsoft Visual Studio Solution File, Format Version 12.00
# Visual Studio Version 17
VisualStudioVersion = 17.4.33103.184
MinimumVisualStudioVersion = 10.0.40219.1
Project("{FAE04EC0-301F-11D3-BF4B-00C04F79EFBC}") = "Composite", "Composite\Composite.csproj", "{AA03E4D8-1C8B-42C5-B75A-01207400E9E7}"
EndProject
Global
	GlobalSection(SolutionConfigurationPlatforms) = preSolution
		Debug|Any CPU = Debug|Any CPU
		Release|Any CPU = Release|Any CPU
	EndGlobalSection
	GlobalSection(ProjectConfigurationPlatforms) = postSolution
		{AA03E4D8-1C8B-42C5-B75A-01207400E9E7}.Debug|Any CPU.ActiveCfg = Debug|Any CPU
		{AA03E4D8-1C8B-42C5-B75A-01207400E9E7}.Debug|Any CPU.Build.0 = Debug|Any CPU
		{AA03E4D8-1C8B-42C5-B75A-01207400E9E7}.Release|Any CPU.ActiveCfg = Release|Any CPU
		{AA03E4D8-1C8B-42C5-B75A-01207400E9E7}.Release|Any CPU.Build.0 = Release|Any CPU
	EndGlobalSection
	GlobalSection(SolutionProperties) = preSolution
		HideSolutionNode = FALSE
	EndGlobalSection
	GlobalSection(ExtensibilityGlobals) = postSolution
		SolutionGuid = {E5C2E947-09EC-4A4A-968A-FAE72FD8A64B}
	EndGlobalSection
EndGlobal
